
Microsoft Visual Studio Solution File, Format Version 12.00
# Visual Studio 14
VisualStudioVersion = 14.0.25420.1
MinimumVisualStudioVersion = 10.0.40219.1
Project("{2150E333-8FDC-42A3-9474-1A3956D46DE8}") = "src", "src", "{D1A28008-C967-46EE-8F50-077D7ABE34DC}"
EndProject
Project("{2150E333-8FDC-42A3-9474-1A3956D46DE8}") = "Solution Items", "Solution Items", "{A90E02C8-2AAA-4BE7-8D6C-E12DD657D257}"
	ProjectSection(SolutionItems) = preProject
		global.json = global.json
	EndProjectSection
EndProject
Project("{8BB2217D-0F2D-49D1-97BC-3654ED321F3B}") = "Simple-TwoPage-App", "src\Simple-TwoPage-App\Simple-TwoPage-App.xproj", "{D138522D-9323-4CE3-8E21-F746C68D913B}"
EndProject
Project("{FAE04EC0-301F-11D3-BF4B-00C04F79EFBC}") = "Simple-TwoPage-App.Test", "Simple-TwoPage-App.Test\Simple-TwoPage-App.Test.csproj", "{3400702C-54FA-46E3-AB0A-1C8E1BB941B1}"
EndProject
Global
	GlobalSection(SolutionConfigurationPlatforms) = preSolution
		Debug|Any CPU = Debug|Any CPU
		Release|Any CPU = Release|Any CPU
	EndGlobalSection
	GlobalSection(ProjectConfigurationPlatforms) = postSolution
		{D138522D-9323-4CE3-8E21-F746C68D913B}.Debug|Any CPU.ActiveCfg = Debug|Any CPU
		{D138522D-9323-4CE3-8E21-F746C68D913B}.Debug|Any CPU.Build.0 = Debug|Any CPU
		{D138522D-9323-4CE3-8E21-F746C68D913B}.Release|Any CPU.ActiveCfg = Release|Any CPU
		{D138522D-9323-4CE3-8E21-F746C68D913B}.Release|Any CPU.Build.0 = Release|Any CPU
		{3400702C-54FA-46E3-AB0A-1C8E1BB941B1}.Debug|Any CPU.ActiveCfg = Debug|Any CPU
		{3400702C-54FA-46E3-AB0A-1C8E1BB941B1}.Debug|Any CPU.Build.0 = Debug|Any CPU
		{3400702C-54FA-46E3-AB0A-1C8E1BB941B1}.Release|Any CPU.ActiveCfg = Release|Any CPU
		{3400702C-54FA-46E3-AB0A-1C8E1BB941B1}.Release|Any CPU.Build.0 = Release|Any CPU
	EndGlobalSection
	GlobalSection(SolutionProperties) = preSolution
		HideSolutionNode = FALSE
	EndGlobalSection
	GlobalSection(NestedProjects) = preSolution
		{D138522D-9323-4CE3-8E21-F746C68D913B} = {D1A28008-C967-46EE-8F50-077D7ABE34DC}
	EndGlobalSection
EndGlobal
